
Microsoft Visual Studio Solution File, Format Version 12.00
# Blend for Visual Studio Version 17
VisualStudioVersion = 17.3.32825.248
MinimumVisualStudioVersion = 10.0.40219.1
Project("{FAE04EC0-301F-11D3-BF4B-00C04F79EFBC}") = "AidenIsTesting", "AidenIsTesting\AidenIsTesting.csproj", "{D1BC87E2-E2DF-498A-A7C3-D4D97818E937}"
EndProject
Global
	GlobalSection(SolutionConfigurationPlatforms) = preSolution
		Debug|Any CPU = Debug|Any CPU
		Release|Any CPU = Release|Any CPU
	EndGlobalSection
	GlobalSection(ProjectConfigurationPlatforms) = postSolution
		{D1BC87E2-E2DF-498A-A7C3-D4D97818E937}.Debug|Any CPU.ActiveCfg = Debug|Any CPU
		{D1BC87E2-E2DF-498A-A7C3-D4D97818E937}.Debug|Any CPU.Build.0 = Debug|Any CPU
		{D1BC87E2-E2DF-498A-A7C3-D4D97818E937}.Release|Any CPU.ActiveCfg = Release|Any CPU
		{D1BC87E2-E2DF-498A-A7C3-D4D97818E937}.Release|Any CPU.Build.0 = Release|Any CPU
	EndGlobalSection
	GlobalSection(SolutionProperties) = preSolution
		HideSolutionNode = FALSE
	EndGlobalSection
	GlobalSection(ExtensibilityGlobals) = postSolution
		SolutionGuid = {EE4503CF-7B2D-40AA-92CC-628D6C84FFF3}
	EndGlobalSection
EndGlobal
